Microsoft Visual Studio Solution File, Format Version 12.00
# Visual Studio Version 17
VisualStudioVersion = 17.5.2.0
MinimumVisualStudioVersion = 10.0.40219.1
Project("{FAE04EC0-301F-11D3-BF4B-00C04F79EFBC}") = "userJwtApp", "userJwtApp.csproj", "{322F55F3-4ABD-806B-1960-08974051A91A}"
EndProject
Global
	GlobalSection(SolutionConfigurationPlatforms) = preSolution
		Debug|Any CPU = Debug|Any CPU
		Release|Any CPU = Release|Any CPU
	EndGlobalSection
	GlobalSection(ProjectConfigurationPlatforms) = postSolution
		{322F55F3-4ABD-806B-1960-08974051A91A}.Debug|Any CPU.ActiveCfg = Debug|Any CPU
		{322F55F3-4ABD-806B-1960-08974051A91A}.Debug|Any CPU.Build.0 = Debug|Any CPU
		{322F55F3-4ABD-806B-1960-08974051A91A}.Release|Any CPU.ActiveCfg = Release|Any CPU
		{322F55F3-4ABD-806B-1960-08974051A91A}.Release|Any CPU.Build.0 = Release|Any CPU
	EndGlobalSection
	GlobalSection(SolutionProperties) = preSolution
		HideSolutionNode = FALSE
	EndGlobalSection
	GlobalSection(ExtensibilityGlobals) = postSolution
		SolutionGuid = {E4308599-2F73-4C16-8FDC-994D5C313FAE}
	EndGlobalSection
EndGlobal
